// !$*UTF8*$!
{
	archiveVersion = 1;
	classes = {
	};
	objectVersion = 46;
	objects = {

/* Begin PBXBuildFile section */
		C2591BA3192E53470047936F /* Foundation.framework in Frameworks */ = {isa = PBXBuildFile; fileRef = C2591BA2192E53470047936F /* Foundation.framework */; };
		C2591BA5192E53470047936F /* CoreGraphics.framework in Frameworks */ = {isa = PBXBuildFile; fileRef = C2591BA4192E53470047936F /* CoreGraphics.framework */; };
		C2591BA7192E53470047936F /* UIKit.framework in Frameworks */ = {isa = PBXBuildFile; fileRef = C2591BA6192E53470047936F /* UIKit.framework */; };
		C2591BAD192E53470047936F /* InfoPlist.strings in Resources */ = {isa = PBXBuildFile; fileRef = C2591BAB192E53470047936F /* InfoPlist.strings */; };
		C2591BAF192E53470047936F /* main.m in Sources */ = {isa = PBXBuildFile; fileRef = C2591BAE192E53470047936F /* main.m */; };
		C2591BB3192E53470047936F /* AppDelegate.m in Sources */ = {isa = PBXBuildFile; fileRef = C2591BB2192E53470047936F /* AppDelegate.m */; };
		C2591BB6192E53470047936F /* Main.storyboard in Resources */ = {isa = PBXBuildFile; fileRef = C2591BB4192E53470047936F /* Main.storyboard */; };
		C2591BB9192E53470047936F /* ViewController.m in Sources */ = {isa = PBXBuildFile; fileRef = C2591BB8192E53470047936F /* ViewController.m */; };
		C2591BBB192E53470047936F /* Images.xcassets in Resources */ = {isa = PBXBuildFile; fileRef = C2591BBA192E53470047936F /* Images.xcassets */; };
		C2591BC2192E53470047936F /* XCTest.framework in Frameworks */ = {isa = PBXBuildFile; fileRef = C2591BC1192E53470047936F /* XCTest.framework */; };
		C2591BC3192E53470047936F /* Foundation.framework in Frameworks */ = {isa = PBXBuildFile; fileRef = C2591BA2192E53470047936F /* Foundation.framework */; };
		C2591BC4192E53470047936F /* UIKit.framework in Frameworks */ = {isa = PBXBuildFile; fileRef = C2591BA6192E53470047936F /* UIKit.framework */; };
		C2591BCC192E53470047936F /* InfoPlist.strings in Resources */ = {isa = PBXBuildFile; fileRef = C2591BCA192E53470047936F /* InfoPlist.strings */; };
		C2591BCE192E53470047936F /* PongTests.m in Sources */ = {isa = PBXBuildFile; fileRef = C2591BCD192E53470047936F /* PongTests.m */; };
		C2591BD9192E53BC0047936F /* BallView.m in Sources */ = {isa = PBXBuildFile; fileRef = C2591BD8192E53BC0047936F /* BallView.m */; };
		C2591BDC192E53C60047936F /* PaddleView.m in Sources */ = {isa = PBXBuildFile; fileRef = C2591BDB192E53C60047936F /* PaddleView.m */; };
		C2591BDF192E8E0A0047936F /* BlockView.m in Sources */ = {isa = PBXBuildFile; fileRef = C2591BDE192E8E0A0047936F /* BlockView.m */; };
/* End PBXBuildFile section */

/* Begin PBXContainerItemProxy section */
		C2591BC5192E53470047936F /* PBXContainerItemProxy */ = {
			isa = PBXContainerItemProxy;
			containerPortal = C2591B97192E53470047936F /* Project object */;
			proxyType = 1;
			remoteGlobalIDString = C2591B9E192E53470047936F;
			remoteInfo = Pong;
		};
/* End PBXContainerItemProxy section */

/* Begin PBXFileReference section */
		C2591B9F192E53470047936F /* Breakout.app */ = {isa = PBXFileReference; explicitFileType = wrapper.application; includeInIndex = 0; path = Breakout.app; sourceTree = BUILT_PRODUCTS_DIR; };
		C2591BA2192E53470047936F /* Foundation.framework */ = {isa = PBXFileReference; lastKnownFileType = wrapper.framework; name = Foundation.framework; path = System/Library/Frameworks/Foundation.framework; sourceTree = SDKROOT; };
		C2591BA4192E53470047936F /* CoreGraphics.framework */ = {isa = PBXFileReference; lastKnownFileType = wrapper.framework; name = CoreGraphics.framework; path = System/Library/Frameworks/CoreGraphics.framework; sourceTree = SDKROOT; };
		C2591BA6192E53470047936F /* UIKit.framework */ = {isa = PBXFileReference; lastKnownFileType = wrapper.framework; name = UIKit.framework; path = System/Library/Frameworks/UIKit.framework; sourceTree = SDKROOT; };
		C2591BAA192E53470047936F /* Breakout-Info.plist */ = {isa = PBXFileReference; lastKnownFileType = text.plist.xml; path = "Breakout-Info.plist"; sourceTree = "<group>"; };
		C2591BAC192E53470047936F /* en */ = {isa = PBXFileReference; lastKnownFileType = text.plist.strings; name = en; path = en.lproj/InfoPlist.strings; sourceTree = "<group>"; };
		C2591BAE192E53470047936F /* main.m */ = {isa = PBXFileReference; lastKnownFileType = sourcecode.c.objc; path = main.m; sourceTree = "<group>"; };
		C2591BB0192E53470047936F /* Breakout-Prefix.pch */ = {isa = PBXFileReference; lastKnownFileType = sourcecode.c.h; path = "Breakout-Prefix.pch"; sourceTree = "<group>"; };
		C2591BB1192E53470047936F /* AppDelegate.h */ = {isa = PBXFileReference; lastKnownFileType = sourcecode.c.h; path = AppDelegate.h; sourceTree = "<group>"; };
		C2591BB2192E53470047936F /* AppDelegate.m */ = {isa = PBXFileReference; lastKnownFileType = sourcecode.c.objc; path = AppDelegate.m; sourceTree = "<group>"; };
		C2591BB5192E53470047936F /* Base */ = {isa = PBXFileReference; lastKnownFileType = file.storyboard; name = Base; path = Base.lproj/Main.storyboard; sourceTree = "<group>"; };
		C2591BB7192E53470047936F /* ViewController.h */ = {isa = PBXFileReference; lastKnownFileType = sourcecode.c.h; path = ViewController.h; sourceTree = "<group>"; };
		C2591BB8192E53470047936F /* ViewController.m */ = {isa = PBXFileReference; lastKnownFileType = sourcecode.c.objc; path = ViewController.m; sourceTree = "<group>"; };
		C2591BBA192E53470047936F /* Images.xcassets */ = {isa = PBXFileReference; lastKnownFileType = folder.assetcatalog; path = Images.xcassets; sourceTree = "<group>"; };
		C2591BC0192E53470047936F /* BreakoutTests.xctest */ = {isa = PBXFileReference; explicitFileType = wrapper.cfbundle; includeInIndex = 0; path = BreakoutTests.xctest; sourceTree = BUILT_PRODUCTS_DIR; };
		C2591BC1192E53470047936F /* XCTest.framework */ = {isa = PBXFileReference; lastKnownFileType = wrapper.framework; name = XCTest.framework; path = Library/Frameworks/XCTest.framework; sourceTree = DEVELOPER_DIR; };
		C2591BC9192E53470047936F /* BreakoutTests-Info.plist */ = {isa = PBXFileReference; lastKnownFileType = text.plist.xml; path = "BreakoutTests-Info.plist"; sourceTree = "<group>"; };
		C2591BCB192E53470047936F /* en */ = {isa = PBXFileReference; lastKnownFileType = text.plist.strings; name = en; path = en.lproj/InfoPlist.strings; sourceTree = "<group>"; };
		C2591BCD192E53470047936F /* PongTests.m */ = {isa = PBXFileReference; lastKnownFileType = sourcecode.c.objc; path = PongTests.m; sourceTree = "<group>"; };
		C2591BD7192E53BC0047936F /* BallView.h */ = {isa = PBXFileReference; fileEncoding = 4; lastKnownFileType = sourcecode.c.h; path = BallView.h; sourceTree = "<group>"; };
		C2591BD8192E53BC0047936F /* BallView.m */ = {isa = PBXFileReference; fileEncoding = 4; lastKnownFileType = sourcecode.c.objc; path = BallView.m; sourceTree = "<group>"; };
		C2591BDA192E53C60047936F /* PaddleView.h */ = {isa = PBXFileReference; fileEncoding = 4; lastKnownFileType = sourcecode.c.h; path = PaddleView.h; sourceTree = "<group>"; };
		C2591BDB192E53C60047936F /* PaddleView.m */ = {isa = PBXFileReference; fileEncoding = 4; lastKnownFileType = sourcecode.c.objc; path = PaddleView.m; sourceTree = "<group>"; };
		C2591BDD192E8E0A0047936F /* BlockView.h */ = {isa = PBXFileReference; fileEncoding = 4; lastKnownFileType = sourcecode.c.h; path = BlockView.h; sourceTree = "<group>"; };
		C2591BDE192E8E0A0047936F /* BlockView.m */ = {isa = PBXFileReference; fileEncoding = 4; lastKnownFileType = sourcecode.c.objc; path = BlockView.m; sourceTree = "<group>"; };
/* End PBXFileReference section */

/* Begin PBXFrameworksBuildPhase section */
		C2591B9C192E53470047936F /* Frameworks */ = {
			isa = PBXFrameworksBuildPhase;
			buildActionMask = 2147483647;
			files = (
				C2591BA5192E53470047936F /* CoreGraphics.framework in Frameworks */,
				C2591BA7192E53470047936F /* UIKit.framework in Frameworks */,
				C2591BA3192E53470047936F /* Foundation.framework in Frameworks */,
			);
			runOnlyForDeploymentPostprocessing = 0;
		};
		C2591BBD192E53470047936F /* Frameworks */ = {
			isa = PBXFrameworksBuildPhase;
			buildActionMask = 2147483647;
			files = (
				C2591BC2192E53470047936F /* XCTest.framework in Frameworks */,
				C2591BC4192E53470047936F /* UIKit.framework in Frameworks */,
				C2591BC3192E53470047936F /* Foundation.framework in Frameworks */,
			);
			runOnlyForDeploymentPostprocessing = 0;
		};
/* End PBXFrameworksBuildPhase section */

/* Begin PBXGroup section */
		C2591B96192E53470047936F = {
			isa = PBXGroup;
			children = (
				C2591BA8192E53470047936F /* Breakout */,
				C2591BC7192E53470047936F /* PongTests */,
				C2591BA1192E53470047936F /* Frameworks */,
				C2591BA0192E53470047936F /* Products */,
			);
			sourceTree = "<group>";
		};
		C2591BA0192E53470047936F /* Products */ = {
			isa = PBXGroup;
			children = (
				C2591B9F192E53470047936F /* Breakout.app */,
				C2591BC0192E53470047936F /* BreakoutTests.xctest */,
			);
			name = Products;
			sourceTree = "<group>";
		};
		C2591BA1192E53470047936F /* Frameworks */ = {
			isa = PBXGroup;
			children = (
				C2591BA2192E53470047936F /* Foundation.framework */,
				C2591BA4192E53470047936F /* CoreGraphics.framework */,
				C2591BA6192E53470047936F /* UIKit.framework */,
				C2591BC1192E53470047936F /* XCTest.framework */,
			);
			name = Frameworks;
			sourceTree = "<group>";
		};
		C2591BA8192E53470047936F /* Breakout */ = {
			isa = PBXGroup;
			children = (
				C2591BB1192E53470047936F /* AppDelegate.h */,
				C2591BB2192E53470047936F /* AppDelegate.m */,
				C2591BB4192E53470047936F /* Main.storyboard */,
				C2591BD7192E53BC0047936F /* BallView.h */,
				C2591BD8192E53BC0047936F /* BallView.m */,
				C2591BDA192E53C60047936F /* PaddleView.h */,
				C2591BDB192E53C60047936F /* PaddleView.m */,
				C2591BB7192E53470047936F /* ViewController.h */,
				C2591BB8192E53470047936F /* ViewController.m */,
				C2591BDD192E8E0A0047936F /* BlockView.h */,
				C2591BDE192E8E0A0047936F /* BlockView.m */,
				C2591BBA192E53470047936F /* Images.xcassets */,
				C2591BA9192E53470047936F /* Supporting Files */,
			);
			name = Breakout;
			path = Pong;
			sourceTree = "<group>";
		};
		C2591BA9192E53470047936F /* Supporting Files */ = {
			isa = PBXGroup;
			children = (
				C2591BAA192E53470047936F /* Breakout-Info.plist */,
				C2591BAB192E53470047936F /* InfoPlist.strings */,
				C2591BAE192E53470047936F /* main.m */,
				C2591BB0192E53470047936F /* Breakout-Prefix.pch */,
			);
			name = "Supporting Files";
			sourceTree = "<group>";
		};
		C2591BC7192E53470047936F /* PongTests */ = {
			isa = PBXGroup;
			children = (
				C2591BCD192E53470047936F /* PongTests.m */,
				C2591BC8192E53470047936F /* Supporting Files */,
			);
			path = PongTests;
			sourceTree = "<group>";
		};
		C2591BC8192E53470047936F /* Supporting Files */ = {
			isa = PBXGroup;
			children = (
				C2591BC9192E53470047936F /* BreakoutTests-Info.plist */,
				C2591BCA192E53470047936F /* InfoPlist.strings */,
			);
			name = "Supporting Files";
			sourceTree = "<group>";
		};
/* End PBXGroup section */

/* Begin PBXNativeTarget section */
		C2591B9E192E53470047936F /* Breakout */ = {
			isa = PBXNativeTarget;
			buildConfigurationList = C2591BD1192E53470047936F /* Build configuration list for PBXNativeTarget "Breakout" */;
			buildPhases = (
				C2591B9B192E53470047936F /* Sources */,
				C2591B9C192E53470047936F /* Frameworks */,
				C2591B9D192E53470047936F /* Resources */,
			);
			buildRules = (
			);
			dependencies = (
			);
			name = Breakout;
			productName = Pong;
			productReference = C2591B9F192E53470047936F /* Breakout.app */;
			productType = "com.apple.product-type.application";
		};
		C2591BBF192E53470047936F /* BreakoutTests */ = {
			isa = PBXNativeTarget;
			buildConfigurationList = C2591BD4192E53470047936F /* Build configuration list for PBXNativeTarget "BreakoutTests" */;
			buildPhases = (
				C2591BBC192E53470047936F /* Sources */,
				C2591BBD192E53470047936F /* Frameworks */,
				C2591BBE192E53470047936F /* Resources */,
			);
			buildRules = (
			);
			dependencies = (
				C2591BC6192E53470047936F /* PBXTargetDependency */,
			);
			name = BreakoutTests;
			productName = PongTests;
			productReference = C2591BC0192E53470047936F /* BreakoutTests.xctest */;
			productType = "com.apple.product-type.bundle.unit-test";
		};
/* End PBXNativeTarget section */

/* Begin PBXProject section */
		C2591B97192E53470047936F /* Project object */ = {
			isa = PBXProject;
			attributes = {
				LastUpgradeCheck = 0510;
				ORGANIZATIONNAME = Phriends.Us;
				TargetAttributes = {
					C2591BBF192E53470047936F = {
						TestTargetID = C2591B9E192E53470047936F;
					};
				};
			};
			buildConfigurationList = C2591B9A192E53470047936F /* Build configuration list for PBXProject "Breakout" */;
			compatibilityVersion = "Xcode 3.2";
			developmentRegion = English;
			hasScannedForEncodings = 0;
			knownRegions = (
				en,
				Base,
			);
			mainGroup = C2591B96192E53470047936F;
			productRefGroup = C2591BA0192E53470047936F /* Products */;
			projectDirPath = "";
			projectRoot = "";
			targets = (
				C2591B9E192E53470047936F /* Breakout */,
				C2591BBF192E53470047936F /* BreakoutTests */,
			);
		};
/* End PBXProject section */

/* Begin PBXResourcesBuildPhase section */
		C2591B9D192E53470047936F /* Resources */ = {
			isa = PBXResourcesBuildPhase;
			buildActionMask = 2147483647;
			files = (
				C2591BBB192E53470047936F /* Images.xcassets in Resources */,
				C2591BAD192E53470047936F /* InfoPlist.strings in Resources */,
				C2591BB6192E53470047936F /* Main.storyboard in Resources */,
			);
			runOnlyForDeploymentPostprocessing = 0;
		};
		C2591BBE192E53470047936F /* Resources */ = {
			isa = PBXResourcesBuildPhase;
			buildActionMask = 2147483647;
			files = (
				C2591BCC192E53470047936F /* InfoPlist.strings in Resources */,
			);
			runOnlyForDeploymentPostprocessing = 0;
		};
/* End PBXResourcesBuildPhase section */

/* Begin PBXSourcesBuildPhase section */
		C2591B9B192E53470047936F /* Sources */ = {
			isa = PBXSourcesBuildPhase;
			buildActionMask = 2147483647;
			files = (
				C2591BDF192E8E0A0047936F /* BlockView.m in Sources */,
				C2591BB9192E53470047936F /* ViewController.m in Sources */,
				C2591BB3192E53470047936F /* AppDelegate.m in Sources */,
				C2591BAF192E53470047936F /* main.m in Sources */,
				C2591BDC192E53C60047936F /* PaddleView.m in Sources */,
				C2591BD9192E53BC0047936F /* BallView.m in Sources */,
			);
			runOnlyForDeploymentPostprocessing = 0;
		};
		C2591BBC192E53470047936F /* Sources */ = {
			isa = PBXSourcesBuildPhase;
			buildActionMask = 2147483647;
			files = (
				C2591BCE192E53470047936F /* PongTests.m in Sources */,
			);
			runOnlyForDeploymentPostprocessing = 0;
		};
/* End PBXSourcesBuildPhase section */

/* Begin PBXTargetDependency section */
		C2591BC6192E53470047936F /* PBXTargetDependency */ = {
			isa = PBXTargetDependency;
			target = C2591B9E192E53470047936F /* Breakout */;
			targetProxy = C2591BC5192E53470047936F /* PBXContainerItemProxy */;
		};
/* End PBXTargetDependency section */

/* Begin PBXVariantGroup section */
		C2591BAB192E53470047936F /* InfoPlist.strings */ = {
			isa = PBXVariantGroup;
			children = (
				C2591BAC192E53470047936F /* en */,
			);
			name = InfoPlist.strings;
			sourceTree = "<group>";
		};
		C2591BB4192E53470047936F /* Main.storyboard */ = {
			isa = PBXVariantGroup;
			children = (
				C2591BB5192E53470047936F /* Base */,
			);
			name = Main.storyboard;
			sourceTree = "<group>";
		};
		C2591BCA192E53470047936F /* InfoPlist.strings */ = {
			isa = PBXVariantGroup;
			children = (
				C2591BCB192E53470047936F /* en */,
			);
			name = InfoPlist.strings;
			sourceTree = "<group>";
		};
/* End PBXVariantGroup section */

/* Begin XCBuildConfiguration section */
		C2591BCF192E53470047936F /* Debug */ = {
			isa = XCBuildConfiguration;
			buildSettings = {
				ALWAYS_SEARCH_USER_PATHS = NO;
				CLANG_CXX_LANGUAGE_STANDARD = "gnu++0x";
				CLANG_CXX_LIBRARY = "libc++";
				CLANG_ENABLE_MODULES = YES;
				CLANG_ENABLE_OBJC_ARC = YES;
				CLANG_WARN_BOOL_CONVERSION = YES;
				CLANG_WARN_CONSTANT_CONVERSION = YES;
				CLANG_WARN_DIRECT_OBJC_ISA_USAGE = YES_ERROR;
				CLANG_WARN_EMPTY_BODY = YES;
				CLANG_WARN_ENUM_CONVERSION = YES;
				CLANG_WARN_INT_CONVERSION = YES;
				CLANG_WARN_OBJC_ROOT_CLASS = YES_ERROR;
				CLANG_WARN__DUPLICATE_METHOD_MATCH = YES;
				"CODE_SIGN_IDENTITY[sdk=iphoneos*]" = "iPhone Developer";
				COPY_PHASE_STRIP = NO;
				GCC_C_LANGUAGE_STANDARD = gnu99;
				GCC_DYNAMIC_NO_PIC = NO;
				GCC_OPTIMIZATION_LEVEL = 0;
				GCC_PREPROCESSOR_DEFINITIONS = (
					"DEBUG=1",
					"$(inherited)",
				);
				GCC_SYMBOLS_PRIVATE_EXTERN = NO;
				GCC_WARN_64_TO_32_BIT_CONVERSION = YES;
				GCC_WARN_ABOUT_RETURN_TYPE = YES_ERROR;
				GCC_WARN_UNDECLARED_SELECTOR = YES;
				GCC_WARN_UNINITIALIZED_AUTOS = YES_AGGRESSIVE;
				GCC_WARN_UNUSED_FUNCTION = YES;
				GCC_WARN_UNUSED_VARIABLE = YES;
				IPHONEOS_DEPLOYMENT_TARGET = 7.1;
				ONLY_ACTIVE_ARCH = YES;
				SDKROOT = iphoneos;
			};
			name = Debug;
		};
		C2591BD0192E53470047936F /* Release */ = {
			isa = XCBuildConfiguration;
			buildSettings = {
				ALWAYS_SEARCH_USER_PATHS = NO;
				CLANG_CXX_LANGUAGE_STANDARD = "gnu++0x";
				CLANG_CXX_LIBRARY = "libc++";
				CLANG_ENABLE_MODULES = YES;
				CLANG_ENABLE_OBJC_ARC = YES;
				CLANG_WARN_BOOL_CONVERSION = YES;
				CLANG_WARN_CONSTANT_CONVERSION = YES;
				CLANG_WARN_DIRECT_OBJC_ISA_USAGE = YES_ERROR;
				CLANG_WARN_EMPTY_BODY = YES;
				CLANG_WARN_ENUM_CONVERSION = YES;
				CLANG_WARN_INT_CONVERSION = YES;
				CLANG_WARN_OBJC_ROOT_CLASS = YES_ERROR;
				CLANG_WARN__DUPLICATE_METHOD_MATCH = YES;
				"CODE_SIGN_IDENTITY[sdk=iphoneos*]" = "iPhone Developer";
				COPY_PHASE_STRIP = YES;
				ENABLE_NS_ASSERTIONS = NO;
				GCC_C_LANGUAGE_STANDARD = gnu99;
				GCC_WARN_64_TO_32_BIT_CONVERSION = YES;
				GCC_WARN_ABOUT_RETURN_TYPE = YES_ERROR;
				GCC_WARN_UNDECLARED_SELECTOR = YES;
				GCC_WARN_UNINITIALIZED_AUTOS = YES_AGGRESSIVE;
				GCC_WARN_UNUSED_FUNCTION = YES;
				GCC_WARN_UNUSED_VARIABLE = YES;
				IPHONEOS_DEPLOYMENT_TARGET = 7.1;
				SDKROOT = iphoneos;
				VALIDATE_PRODUCT = YES;
			};
			name = Release;
		};
		C2591BD2192E53470047936F /* Debug */ = {
			isa = XCBuildConfiguration;
			buildSettings = {
				ASSETCATALOG_COMPILER_APPICON_NAME = AppIcon;
				ASSETCATALOG_COMPILER_LAUNCHIMAGE_NAME = LaunchImage;
				GCC_PRECOMPILE_PREFIX_HEADER = YES;
				GCC_PREFIX_HEADER = "Pong/Breakout-Prefix.pch";
				INFOPLIST_FILE = "Pong/Breakout-Info.plist";
				PRODUCT_NAME = Breakout;
				WRAPPER_EXTENSION = app;
			};
			name = Debug;
		};
		C2591BD3192E53470047936F /* Release */ = {
			isa = XCBuildConfiguration;
			buildSettings = {
				ASSETCATALOG_COMPILER_APPICON_NAME = AppIcon;
				ASSETCATALOG_COMPILER_LAUNCHIMAGE_NAME = LaunchImage;
				GCC_PRECOMPILE_PREFIX_HEADER = YES;
				GCC_PREFIX_HEADER = "Pong/Breakout-Prefix.pch";
				INFOPLIST_FILE = "Pong/Breakout-Info.plist";
				PRODUCT_NAME = Breakout;
				WRAPPER_EXTENSION = app;
			};
			name = Release;
		};
		C2591BD5192E53470047936F /* Debug */ = {
			isa = XCBuildConfiguration;
			buildSettings = {
				BUNDLE_LOADER = "$(BUILT_PRODUCTS_DIR)/Pong.app/Pong";
				FRAMEWORK_SEARCH_PATHS = (
					"$(SDKROOT)/Developer/Library/Frameworks",
					"$(inherited)",
					"$(DEVELOPER_FRAMEWORKS_DIR)",
				);
				GCC_PRECOMPILE_PREFIX_HEADER = YES;
				GCC_PREFIX_HEADER = "Pong/Pong-Prefix.pch";
				GCC_PREPROCESSOR_DEFINITIONS = (
					"DEBUG=1",
					"$(inherited)",
				);
				INFOPLIST_FILE = "PongTests/BreakoutTests-Info.plist";
				PRODUCT_NAME = BreakoutTests;
				TEST_HOST = "$(BUNDLE_LOADER)";
				WRAPPER_EXTENSION = xctest;
			};
			name = Debug;
		};
		C2591BD6192E53470047936F /* Release */ = {
			isa = XCBuildConfiguration;
			buildSettings = {
				BUNDLE_LOADER = "$(BUILT_PRODUCTS_DIR)/Pong.app/Pong";
				FRAMEWORK_SEARCH_PATHS = (
					"$(SDKROOT)/Developer/Library/Frameworks",
					"$(inherited)",
					"$(DEVELOPER_FRAMEWORKS_DIR)",
				);
				GCC_PRECOMPILE_PREFIX_HEADER = YES;
				GCC_PREFIX_HEADER = "Pong/Pong-Prefix.pch";
				INFOPLIST_FILE = "PongTests/BreakoutTests-Info.plist";
				PRODUCT_NAME = BreakoutTests;
				TEST_HOST = "$(BUNDLE_LOADER)";
				WRAPPER_EXTENSION = xctest;
			};
			name = Release;
		};
/* End XCBuildConfiguration section */

/* Begin XCConfigurationList section */
		C2591B9A192E53470047936F /* Build configuration list for PBXProject "Breakout" */ = {
			isa = XCConfigurationList;
			buildConfigurations = (
				C2591BCF192E53470047936F /* Debug */,
				C2591BD0192E53470047936F /* Release */,
			);
			defaultConfigurationIsVisible = 0;
			defaultConfigurationName = Release;
		};
		C2591BD1192E53470047936F /* Build configuration list for PBXNativeTarget "Breakout" */ = {
			isa = XCConfigurationList;
			buildConfigurations = (
				C2591BD2192E53470047936F /* Debug */,
				C2591BD3192E53470047936F /* Release */,
			);
			defaultConfigurationIsVisible = 0;
			defaultConfigurationName = Release;
		};
		C2591BD4192E53470047936F /* Build configuration list for PBXNativeTarget "BreakoutTests" */ = {
			isa = XCConfigurationList;
			buildConfigurations = (
				C2591BD5192E53470047936F /* Debug */,
				C2591BD6192E53470047936F /* Release */,
			);
			defaultConfigurationIsVisible = 0;
			defaultConfigurationName = Release;
		};
/* End XCConfigurationList section */
	};
	rootObject = C2591B97192E53470047936F /* Project object */;
}
